// !$*UTF8*$!
{
	archiveVersion = 1;
	classes = {
	};
	objectVersion = 55;
	objects = {

/* Begin PBXBuildFile section */
		E19C1656272939F2002E6F65 /* MarioVideoPlayer.docc in Sources */ = {isa = PBXBuildFile; fileRef = E19C1655272939F2002E6F65 /* MarioVideoPlayer.docc */; };
		E19C165C272939F3002E6F65 /* MarioVideoPlayer.framework in Frameworks */ = {isa = PBXBuildFile; fileRef = E19C1651272939F2002E6F65 /* MarioVideoPlayer.framework */; };
		E19C1661272939F3002E6F65 /* MarioVideoPlayerTests.swift in Sources */ = {isa = PBXBuildFile; fileRef = E19C1660272939F3002E6F65 /* MarioVideoPlayerTests.swift */; };
		E19C1662272939F3002E6F65 /* MarioVideoPlayer.h in Headers */ = {isa = PBXBuildFile; fileRef = E19C1654272939F2002E6F65 /* MarioVideoPlayer.h */; settings = {ATTRIBUTES = (Public, ); }; };
		E19C167227293B7D002E6F65 /* AppDelegate.swift in Sources */ = {isa = PBXBuildFile; fileRef = E19C167127293B7D002E6F65 /* AppDelegate.swift */; };
		E19C167427293B7D002E6F65 /* SceneDelegate.swift in Sources */ = {isa = PBXBuildFile; fileRef = E19C167327293B7D002E6F65 /* SceneDelegate.swift */; };
		E19C167627293B7D002E6F65 /* ViewController.swift in Sources */ = {isa = PBXBuildFile; fileRef = E19C167527293B7D002E6F65 /* ViewController.swift */; };
		E19C167927293B7D002E6F65 /* Main.storyboard in Resources */ = {isa = PBXBuildFile; fileRef = E19C167727293B7D002E6F65 /* Main.storyboard */; };
		E19C167B27293B80002E6F65 /* Assets.xcassets in Resources */ = {isa = PBXBuildFile; fileRef = E19C167A27293B80002E6F65 /* Assets.xcassets */; };
		E19C167E27293B80002E6F65 /* LaunchScreen.storyboard in Resources */ = {isa = PBXBuildFile; fileRef = E19C167C27293B80002E6F65 /* LaunchScreen.storyboard */; };
		E19C168427293F36002E6F65 /* MarioVideoPlayer.swift in Sources */ = {isa = PBXBuildFile; fileRef = E19C168327293F36002E6F65 /* MarioVideoPlayer.swift */; };
		E1BE1788272A7B9800138A18 /* MarioProgressBar.swift in Sources */ = {isa = PBXBuildFile; fileRef = E1BE1787272A7B9800138A18 /* MarioProgressBar.swift */; };
		E1BE179C272A884A00138A18 /* MarioUtility.swift in Sources */ = {isa = PBXBuildFile; fileRef = E1BE179B272A884A00138A18 /* MarioUtility.swift */; };
		E1C12119277D665B002470F6 /* MarioSliderThumbnail.swift in Sources */ = {isa = PBXBuildFile; fileRef = E1C12118277D665B002470F6 /* MarioSliderThumbnail.swift */; };
		E1C1211B277D6682002470F6 /* MarioSeekingView.swift in Sources */ = {isa = PBXBuildFile; fileRef = E1C1211A277D6682002470F6 /* MarioSeekingView.swift */; };
		E1C1211D277D66A2002470F6 /* UIView+Extension.swift in Sources */ = {isa = PBXBuildFile; fileRef = E1C1211C277D66A2002470F6 /* UIView+Extension.swift */; };
		E1C1211F277D66FE002470F6 /* MarioPlayerCacheAction.swift in Sources */ = {isa = PBXBuildFile; fileRef = E1C1211E277D66FE002470F6 /* MarioPlayerCacheAction.swift */; };
		E1C12121277D6770002470F6 /* MarioPlayerCacheConfiguration.swift in Sources */ = {isa = PBXBuildFile; fileRef = E1C12120277D6770002470F6 /* MarioPlayerCacheConfiguration.swift */; };
		E1C12123277D678E002470F6 /* MarioPlayerCacheManager.swift in Sources */ = {isa = PBXBuildFile; fileRef = E1C12122277D678E002470F6 /* MarioPlayerCacheManager.swift */; };
		E1C12125277D8CD1002470F6 /* MarioPlayerCacheMediaConfiguration.swift in Sources */ = {isa = PBXBuildFile; fileRef = E1C12124277D8CD1002470F6 /* MarioPlayerCacheMediaConfiguration.swift */; };
		E1C12127277D8D1B002470F6 /* MarioPlayerCacheMedia.swift in Sources */ = {isa = PBXBuildFile; fileRef = E1C12126277D8D1B002470F6 /* MarioPlayerCacheMedia.swift */; };
		E1C12129277D8D3A002470F6 /* MarioPlayerCacheMediaWorker.swift in Sources */ = {isa = PBXBuildFile; fileRef = E1C12128277D8D3A002470F6 /* MarioPlayerCacheMediaWorker.swift */; };
		E1C1212B277D8DC9002470F6 /* MarioPlayerCacheSession.swift in Sources */ = {isa = PBXBuildFile; fileRef = E1C1212A277D8DC9002470F6 /* MarioPlayerCacheSession.swift */; };
		E1C1212D277D8DEA002470F6 /* MarioPlayerDownloadActionWorker.swift in Sources */ = {isa = PBXBuildFile; fileRef = E1C1212C277D8DEA002470F6 /* MarioPlayerDownloadActionWorker.swift */; };
		E1C1212F277D8EC5002470F6 /* MarioPlayerDownloader.swift in Sources */ = {isa = PBXBuildFile; fileRef = E1C1212E277D8EC5002470F6 /* MarioPlayerDownloader.swift */; };
		E1C12131277D8F3D002470F6 /* MarioPlayerDownloadURLSessionManager.swift in Sources */ = {isa = PBXBuildFile; fileRef = E1C12130277D8F3D002470F6 /* MarioPlayerDownloadURLSessionManager.swift */; };
		E1C12133277D8F68002470F6 /* MairoPlayerResourceLoader.swift in Sources */ = {isa = PBXBuildFile; fileRef = E1C12132277D8F68002470F6 /* MairoPlayerResourceLoader.swift */; };
		E1C12135277D8FB6002470F6 /* MarioPlayerResourceLoaderManager.swift in Sources */ = {isa = PBXBuildFile; fileRef = E1C12134277D8FB6002470F6 /* MarioPlayerResourceLoaderManager.swift */; };
		E1C12137277D90DE002470F6 /* MarioPlayerResourceLoadingRequest.swift in Sources */ = {isa = PBXBuildFile; fileRef = E1C12136277D90DE002470F6 /* MarioPlayerResourceLoadingRequest.swift */; };
		E1C12139277D95D5002470F6 /* MarioPlayerOptionView.swift in Sources */ = {isa = PBXBuildFile; fileRef = E1C12138277D95D5002470F6 /* MarioPlayerOptionView.swift */; };
		E1C1213B277D96C4002470F6 /* MarioPlayerView.swift in Sources */ = {isa = PBXBuildFile; fileRef = E1C1213A277D96C4002470F6 /* MarioPlayerView.swift */; };
/* End PBXBuildFile section */

/* Begin PBXContainerItemProxy section */
		E19C165D272939F3002E6F65 /* PBXContainerItemProxy */ = {
			isa = PBXContainerItemProxy;
			containerPortal = E19C1648272939F2002E6F65 /* Project object */;
			proxyType = 1;
			remoteGlobalIDString = E19C1650272939F2002E6F65;
			remoteInfo = MarioVideoPlayer;
		};
/* End PBXContainerItemProxy section */

/* Begin PBXFileReference section */
		E19C1651272939F2002E6F65 /* MarioVideoPlayer.framework */ = {isa = PBXFileReference; explicitFileType = wrapper.framework; includeInIndex = 0; path = MarioVideoPlayer.framework; sourceTree = BUILT_PRODUCTS_DIR; };
		E19C1654272939F2002E6F65 /* MarioVideoPlayer.h */ = {isa = PBXFileReference; lastKnownFileType = sourcecode.c.h; path = MarioVideoPlayer.h; sourceTree = "<group>"; };
		E19C1655272939F2002E6F65 /* MarioVideoPlayer.docc */ = {isa = PBXFileReference; lastKnownFileType = folder.documentationcatalog; path = MarioVideoPlayer.docc; sourceTree = "<group>"; };
		E19C165B272939F3002E6F65 /* MarioVideoPlayerTests.xctest */ = {isa = PBXFileReference; explicitFileType = wrapper.cfbundle; includeInIndex = 0; path = MarioVideoPlayerTests.xctest; sourceTree = BUILT_PRODUCTS_DIR; };
		E19C1660272939F3002E6F65 /* MarioVideoPlayerTests.swift */ = {isa = PBXFileReference; lastKnownFileType = sourcecode.swift; path = MarioVideoPlayerTests.swift; sourceTree = "<group>"; };
		E19C166F27293B7D002E6F65 /* MarioVideoPlayerExamples.app */ = {isa = PBXFileReference; explicitFileType = wrapper.application; includeInIndex = 0; path = MarioVideoPlayerExamples.app; sourceTree = BUILT_PRODUCTS_DIR; };
		E19C167127293B7D002E6F65 /* AppDelegate.swift */ = {isa = PBXFileReference; lastKnownFileType = sourcecode.swift; path = AppDelegate.swift; sourceTree = "<group>"; };
		E19C167327293B7D002E6F65 /* SceneDelegate.swift */ = {isa = PBXFileReference; lastKnownFileType = sourcecode.swift; path = SceneDelegate.swift; sourceTree = "<group>"; };
		E19C167527293B7D002E6F65 /* ViewController.swift */ = {isa = PBXFileReference; lastKnownFileType = sourcecode.swift; path = ViewController.swift; sourceTree = "<group>"; };
		E19C167827293B7D002E6F65 /* Base */ = {isa = PBXFileReference; lastKnownFileType = file.storyboard; name = Base; path = Base.lproj/Main.storyboard; sourceTree = "<group>"; };
		E19C167A27293B80002E6F65 /* Assets.xcassets */ = {isa = PBXFileReference; lastKnownFileType = folder.assetcatalog; path = Assets.xcassets; sourceTree = "<group>"; };
		E19C167D27293B80002E6F65 /* Base */ = {isa = PBXFileReference; lastKnownFileType = file.storyboard; name = Base; path = Base.lproj/LaunchScreen.storyboard; sourceTree = "<group>"; };
		E19C167F27293B80002E6F65 /* Info.plist */ = {isa = PBXFileReference; lastKnownFileType = text.plist.xml; path = Info.plist; sourceTree = "<group>"; };
		E19C168327293F36002E6F65 /* MarioVideoPlayer.swift */ = {isa = PBXFileReference; lastKnownFileType = sourcecode.swift; path = MarioVideoPlayer.swift; sourceTree = "<group>"; };
		E1BE1787272A7B9800138A18 /* MarioProgressBar.swift */ = {isa = PBXFileReference; lastKnownFileType = sourcecode.swift; path = MarioProgressBar.swift; sourceTree = "<group>"; };
		E1BE1795272A86CA00138A18 /* MarioBundle.bundle */ = {isa = PBXFileReference; explicitFileType = wrapper.cfbundle; includeInIndex = 0; path = MarioBundle.bundle; sourceTree = BUILT_PRODUCTS_DIR; };
		E1BE179B272A884A00138A18 /* MarioUtility.swift */ = {isa = PBXFileReference; lastKnownFileType = sourcecode.swift; path = MarioUtility.swift; sourceTree = "<group>"; };
		E1C12118277D665B002470F6 /* MarioSliderThumbnail.swift */ = {isa = PBXFileReference; lastKnownFileType = sourcecode.swift; path = MarioSliderThumbnail.swift; sourceTree = "<group>"; };
		E1C1211A277D6682002470F6 /* MarioSeekingView.swift */ = {isa = PBXFileReference; lastKnownFileType = sourcecode.swift; path = MarioSeekingView.swift; sourceTree = "<group>"; };
		E1C1211C277D66A2002470F6 /* UIView+Extension.swift */ = {isa = PBXFileReference; lastKnownFileType = sourcecode.swift; path = "UIView+Extension.swift"; sourceTree = "<group>"; };
		E1C1211E277D66FE002470F6 /* MarioPlayerCacheAction.swift */ = {isa = PBXFileReference; lastKnownFileType = sourcecode.swift; path = MarioPlayerCacheAction.swift; sourceTree = "<group>"; };
		E1C12120277D6770002470F6 /* MarioPlayerCacheConfiguration.swift */ = {isa = PBXFileReference; lastKnownFileType = sourcecode.swift; path = MarioPlayerCacheConfiguration.swift; sourceTree = "<group>"; };
		E1C12122277D678E002470F6 /* MarioPlayerCacheManager.swift */ = {isa = PBXFileReference; lastKnownFileType = sourcecode.swift; path = MarioPlayerCacheManager.swift; sourceTree = "<group>"; };
		E1C12124277D8CD1002470F6 /* MarioPlayerCacheMediaConfiguration.swift */ = {isa = PBXFileReference; lastKnownFileType = sourcecode.swift; path = MarioPlayerCacheMediaConfiguration.swift; sourceTree = "<group>"; };
		E1C12126277D8D1B002470F6 /* MarioPlayerCacheMedia.swift */ = {isa = PBXFileReference; lastKnownFileType = sourcecode.swift; path = MarioPlayerCacheMedia.swift; sourceTree = "<group>"; };
		E1C12128277D8D3A002470F6 /* MarioPlayerCacheMediaWorker.swift */ = {isa = PBXFileReference; lastKnownFileType = sourcecode.swift; path = MarioPlayerCacheMediaWorker.swift; sourceTree = "<group>"; };
		E1C1212A277D8DC9002470F6 /* MarioPlayerCacheSession.swift */ = {isa = PBXFileReference; lastKnownFileType = sourcecode.swift; path = MarioPlayerCacheSession.swift; sourceTree = "<group>"; };
		E1C1212C277D8DEA002470F6 /* MarioPlayerDownloadActionWorker.swift */ = {isa = PBXFileReference; lastKnownFileType = sourcecode.swift; path = MarioPlayerDownloadActionWorker.swift; sourceTree = "<group>"; };
		E1C1212E277D8EC5002470F6 /* MarioPlayerDownloader.swift */ = {isa = PBXFileReference; lastKnownFileType = sourcecode.swift; path = MarioPlayerDownloader.swift; sourceTree = "<group>"; };
		E1C12130277D8F3D002470F6 /* MarioPlayerDownloadURLSessionManager.swift */ = {isa = PBXFileReference; lastKnownFileType = sourcecode.swift; path = MarioPlayerDownloadURLSessionManager.swift; sourceTree = "<group>"; };
		E1C12132277D8F68002470F6 /* MairoPlayerResourceLoader.swift */ = {isa = PBXFileReference; lastKnownFileType = sourcecode.swift; path = MairoPlayerResourceLoader.swift; sourceTree = "<group>"; };
		E1C12134277D8FB6002470F6 /* MarioPlayerResourceLoaderManager.swift */ = {isa = PBXFileReference; lastKnownFileType = sourcecode.swift; path = MarioPlayerResourceLoaderManager.swift; sourceTree = "<group>"; };
		E1C12136277D90DE002470F6 /* MarioPlayerResourceLoadingRequest.swift */ = {isa = PBXFileReference; lastKnownFileType = sourcecode.swift; path = MarioPlayerResourceLoadingRequest.swift; sourceTree = "<group>"; };
		E1C12138277D95D5002470F6 /* MarioPlayerOptionView.swift */ = {isa = PBXFileReference; lastKnownFileType = sourcecode.swift; path = MarioPlayerOptionView.swift; sourceTree = "<group>"; };
		E1C1213A277D96C4002470F6 /* MarioPlayerView.swift */ = {isa = PBXFileReference; lastKnownFileType = sourcecode.swift; path = MarioPlayerView.swift; sourceTree = "<group>"; };
/* End PBXFileReference section */

/* Begin PBXFrameworksBuildPhase section */
		E19C164E272939F2002E6F65 /* Frameworks */ = {
			isa = PBXFrameworksBuildPhase;
			buildActionMask = 2147483647;
			files = (
			);
			runOnlyForDeploymentPostprocessing = 0;
		};
		E19C1658272939F3002E6F65 /* Frameworks */ = {
			isa = PBXFrameworksBuildPhase;
			buildActionMask = 2147483647;
			files = (
				E19C165C272939F3002E6F65 /* MarioVideoPlayer.framework in Frameworks */,
			);
			runOnlyForDeploymentPostprocessing = 0;
		};
		E19C166C27293B7D002E6F65 /* Frameworks */ = {
			isa = PBXFrameworksBuildPhase;
			buildActionMask = 2147483647;
			files = (
			);
			runOnlyForDeploymentPostprocessing = 0;
		};
		E1BE1792272A86CA00138A18 /* Frameworks */ = {
			isa = PBXFrameworksBuildPhase;
			buildActionMask = 2147483647;
			files = (
			);
			runOnlyForDeploymentPostprocessing = 0;
		};
/* End PBXFrameworksBuildPhase section */

/* Begin PBXGroup section */
		E19C1647272939F2002E6F65 = {
			isa = PBXGroup;
			children = (
				E19C1653272939F2002E6F65 /* MarioVideoPlayer */,
				E19C165F272939F3002E6F65 /* MarioVideoPlayerTests */,
				E19C167027293B7D002E6F65 /* MarioVideoPlayerExamples */,
				E19C1652272939F2002E6F65 /* Products */,
			);
			sourceTree = "<group>";
		};
		E19C1652272939F2002E6F65 /* Products */ = {
			isa = PBXGroup;
			children = (
				E19C1651272939F2002E6F65 /* MarioVideoPlayer.framework */,
				E19C165B272939F3002E6F65 /* MarioVideoPlayerTests.xctest */,
				E19C166F27293B7D002E6F65 /* MarioVideoPlayerExamples.app */,
				E1BE1795272A86CA00138A18 /* MarioBundle.bundle */,
			);
			name = Products;
			sourceTree = "<group>";
		};
		E19C1653272939F2002E6F65 /* MarioVideoPlayer */ = {
			isa = PBXGroup;
			children = (
				E19C1654272939F2002E6F65 /* MarioVideoPlayer.h */,
				E19C1655272939F2002E6F65 /* MarioVideoPlayer.docc */,
				E19C168327293F36002E6F65 /* MarioVideoPlayer.swift */,
				E1C1213A277D96C4002470F6 /* MarioPlayerView.swift */,
				E1C1211E277D66FE002470F6 /* MarioPlayerCacheAction.swift */,
				E1C12120277D6770002470F6 /* MarioPlayerCacheConfiguration.swift */,
				E1C12122277D678E002470F6 /* MarioPlayerCacheManager.swift */,
				E1C12124277D8CD1002470F6 /* MarioPlayerCacheMediaConfiguration.swift */,
				E1C12126277D8D1B002470F6 /* MarioPlayerCacheMedia.swift */,
				E1C12128277D8D3A002470F6 /* MarioPlayerCacheMediaWorker.swift */,
				E1C1212A277D8DC9002470F6 /* MarioPlayerCacheSession.swift */,
				E1C1212C277D8DEA002470F6 /* MarioPlayerDownloadActionWorker.swift */,
				E1C1212E277D8EC5002470F6 /* MarioPlayerDownloader.swift */,
				E1C12130277D8F3D002470F6 /* MarioPlayerDownloadURLSessionManager.swift */,
				E1C12132277D8F68002470F6 /* MairoPlayerResourceLoader.swift */,
				E1C12134277D8FB6002470F6 /* MarioPlayerResourceLoaderManager.swift */,
				E1C12136277D90DE002470F6 /* MarioPlayerResourceLoadingRequest.swift */,
				E1BE1787272A7B9800138A18 /* MarioProgressBar.swift */,
				E1C12118277D665B002470F6 /* MarioSliderThumbnail.swift */,
				E1C1211A277D6682002470F6 /* MarioSeekingView.swift */,
				E1BE179B272A884A00138A18 /* MarioUtility.swift */,
				E1C1211C277D66A2002470F6 /* UIView+Extension.swift */,
			);
			path = MarioVideoPlayer;
			sourceTree = "<group>";
		};
		E19C165F272939F3002E6F65 /* MarioVideoPlayerTests */ = {
			isa = PBXGroup;
			children = (
				E19C1660272939F3002E6F65 /* MarioVideoPlayerTests.swift */,
			);
			path = MarioVideoPlayerTests;
			sourceTree = "<group>";
		};
		E19C167027293B7D002E6F65 /* MarioVideoPlayerExamples */ = {
			isa = PBXGroup;
			children = (
				E19C167127293B7D002E6F65 /* AppDelegate.swift */,
				E19C167327293B7D002E6F65 /* SceneDelegate.swift */,
				E19C167527293B7D002E6F65 /* ViewController.swift */,
				E1C12138277D95D5002470F6 /* MarioPlayerOptionView.swift */,
				E19C167727293B7D002E6F65 /* Main.storyboard */,
				E19C167A27293B80002E6F65 /* Assets.xcassets */,
				E19C167C27293B80002E6F65 /* LaunchScreen.storyboard */,
				E19C167F27293B80002E6F65 /* Info.plist */,
			);
			path = MarioVideoPlayerExamples;
			sourceTree = "<group>";
		};
/* End PBXGroup section */

/* Begin PBXHeadersBuildPhase section */
		E19C164C272939F2002E6F65 /* Headers */ = {
			isa = PBXHeadersBuildPhase;
			buildActionMask = 2147483647;
			files = (
				E19C1662272939F3002E6F65 /* MarioVideoPlayer.h in Headers */,
			);
			runOnlyForDeploymentPostprocessing = 0;
		};
/* End PBXHeadersBuildPhase section */

/* Begin PBXNativeTarget section */
		E19C1650272939F2002E6F65 /* MarioVideoPlayer */ = {
			isa = PBXNativeTarget;
			buildConfigurationList = E19C1665272939F3002E6F65 /* Build configuration list for PBXNativeTarget "MarioVideoPlayer" */;
			buildPhases = (
				E19C164C272939F2002E6F65 /* Headers */,
				E19C164D272939F2002E6F65 /* Sources */,
				E19C164E272939F2002E6F65 /* Frameworks */,
				E19C164F272939F2002E6F65 /* Resources */,
			);
			buildRules = (
			);
			dependencies = (
			);
			name = MarioVideoPlayer;
			productName = MarioVideoPlayer;
			productReference = E19C1651272939F2002E6F65 /* MarioVideoPlayer.framework */;
			productType = "com.apple.product-type.framework";
		};
		E19C165A272939F3002E6F65 /* MarioVideoPlayerTests */ = {
			isa = PBXNativeTarget;
			buildConfigurationList = E19C1668272939F3002E6F65 /* Build configuration list for PBXNativeTarget "MarioVideoPlayerTests" */;
			buildPhases = (
				E19C1657272939F3002E6F65 /* Sources */,
				E19C1658272939F3002E6F65 /* Frameworks */,
				E19C1659272939F3002E6F65 /* Resources */,
			);
			buildRules = (
			);
			dependencies = (
				E19C165E272939F3002E6F65 /* PBXTargetDependency */,
			);
			name = MarioVideoPlayerTests;
			productName = MarioVideoPlayerTests;
			productReference = E19C165B272939F3002E6F65 /* MarioVideoPlayerTests.xctest */;
			productType = "com.apple.product-type.bundle.unit-test";
		};
		E19C166E27293B7D002E6F65 /* MarioVideoPlayerExamples */ = {
			isa = PBXNativeTarget;
			buildConfigurationList = E19C168027293B80002E6F65 /* Build configuration list for PBXNativeTarget "MarioVideoPlayerExamples" */;
			buildPhases = (
				E19C166B27293B7D002E6F65 /* Sources */,
				E19C166C27293B7D002E6F65 /* Frameworks */,
				E19C166D27293B7D002E6F65 /* Resources */,
			);
			buildRules = (
			);
			dependencies = (
			);
			name = MarioVideoPlayerExamples;
			productName = MarioVideoPlayerExamples;
			productReference = E19C166F27293B7D002E6F65 /* MarioVideoPlayerExamples.app */;
			productType = "com.apple.product-type.application";
		};
		E1BE1794272A86CA00138A18 /* MarioBundle */ = {
			isa = PBXNativeTarget;
			buildConfigurationList = E1BE1796272A86CA00138A18 /* Build configuration list for PBXNativeTarget "MarioBundle" */;
			buildPhases = (
				E1BE1791272A86CA00138A18 /* Sources */,
				E1BE1792272A86CA00138A18 /* Frameworks */,
				E1BE1793272A86CA00138A18 /* Resources */,
			);
			buildRules = (
			);
			dependencies = (
			);
			name = MarioBundle;
			productName = MarioBundle;
			productReference = E1BE1795272A86CA00138A18 /* MarioBundle.bundle */;
			productType = "com.apple.product-type.bundle";
		};
/* End PBXNativeTarget section */

/* Begin PBXProject section */
		E19C1648272939F2002E6F65 /* Project object */ = {
			isa = PBXProject;
			attributes = {
				BuildIndependentTargetsInParallel = 1;
				LastSwiftUpdateCheck = 1300;
				LastUpgradeCheck = 1300;
				TargetAttributes = {
					E19C1650272939F2002E6F65 = {
						CreatedOnToolsVersion = 13.0;
					};
					E19C165A272939F3002E6F65 = {
						CreatedOnToolsVersion = 13.0;
					};
					E19C166E27293B7D002E6F65 = {
						CreatedOnToolsVersion = 13.0;
					};
					E1BE1794272A86CA00138A18 = {
						CreatedOnToolsVersion = 13.0;
					};
				};
			};
			buildConfigurationList = E19C164B272939F2002E6F65 /* Build configuration list for PBXProject "MarioVideoPlayer" */;
			compatibilityVersion = "Xcode 13.0";
			developmentRegion = en;
			hasScannedForEncodings = 0;
			knownRegions = (
				en,
				Base,
			);
			mainGroup = E19C1647272939F2002E6F65;
			productRefGroup = E19C1652272939F2002E6F65 /* Products */;
			projectDirPath = "";
			projectRoot = "";
			targets = (
				E19C1650272939F2002E6F65 /* MarioVideoPlayer */,
				E19C165A272939F3002E6F65 /* MarioVideoPlayerTests */,
				E19C166E27293B7D002E6F65 /* MarioVideoPlayerExamples */,
				E1BE1794272A86CA00138A18 /* MarioBundle */,
			);
		};
/* End PBXProject section */

/* Begin PBXResourcesBuildPhase section */
		E19C164F272939F2002E6F65 /* Resources */ = {
			isa = PBXResourcesBuildPhase;
			buildActionMask = 2147483647;
			files = (
			);
			runOnlyForDeploymentPostprocessing = 0;
		};
		E19C1659272939F3002E6F65 /* Resources */ = {
			isa = PBXResourcesBuildPhase;
			buildActionMask = 2147483647;
			files = (
			);
			runOnlyForDeploymentPostprocessing = 0;
		};
		E19C166D27293B7D002E6F65 /* Resources */ = {
			isa = PBXResourcesBuildPhase;
			buildActionMask = 2147483647;
			files = (
				E19C167E27293B80002E6F65 /* LaunchScreen.storyboard in Resources */,
				E19C167B27293B80002E6F65 /* Assets.xcassets in Resources */,
				E19C167927293B7D002E6F65 /* Main.storyboard in Resources */,
			);
			runOnlyForDeploymentPostprocessing = 0;
		};
		E1BE1793272A86CA00138A18 /* Resources */ = {
			isa = PBXResourcesBuildPhase;
			buildActionMask = 2147483647;
			files = (
			);
			runOnlyForDeploymentPostprocessing = 0;
		};
/* End PBXResourcesBuildPhase section */

/* Begin PBXSourcesBuildPhase section */
		E19C164D272939F2002E6F65 /* Sources */ = {
			isa = PBXSourcesBuildPhase;
			buildActionMask = 2147483647;
			files = (
				E1C12131277D8F3D002470F6 /* MarioPlayerDownloadURLSessionManager.swift in Sources */,
				E1C12119277D665B002470F6 /* MarioSliderThumbnail.swift in Sources */,
				E1C1212B277D8DC9002470F6 /* MarioPlayerCacheSession.swift in Sources */,
				E1C1211D277D66A2002470F6 /* UIView+Extension.swift in Sources */,
				E1C12123277D678E002470F6 /* MarioPlayerCacheManager.swift in Sources */,
				E1C1212D277D8DEA002470F6 /* MarioPlayerDownloadActionWorker.swift in Sources */,
				E1C12137277D90DE002470F6 /* MarioPlayerResourceLoadingRequest.swift in Sources */,
				E1BE1788272A7B9800138A18 /* MarioProgressBar.swift in Sources */,
				E1BE179C272A884A00138A18 /* MarioUtility.swift in Sources */,
				E19C1656272939F2002E6F65 /* MarioVideoPlayer.docc in Sources */,
				E1C1211B277D6682002470F6 /* MarioSeekingView.swift in Sources */,
				E1C12133277D8F68002470F6 /* MairoPlayerResourceLoader.swift in Sources */,
				E1C12129277D8D3A002470F6 /* MarioPlayerCacheMediaWorker.swift in Sources */,
				E1C1213B277D96C4002470F6 /* MarioPlayerView.swift in Sources */,
				E1C1212F277D8EC5002470F6 /* MarioPlayerDownloader.swift in Sources */,
				E1C12127277D8D1B002470F6 /* MarioPlayerCacheMedia.swift in Sources */,
				E1C12125277D8CD1002470F6 /* MarioPlayerCacheMediaConfiguration.swift in Sources */,
				E1C12135277D8FB6002470F6 /* MarioPlayerResourceLoaderManager.swift in Sources */,
				E1C1211F277D66FE002470F6 /* MarioPlayerCacheAction.swift in Sources */,
				E19C168427293F36002E6F65 /* MarioVideoPlayer.swift in Sources */,
				E1C12121277D6770002470F6 /* MarioPlayerCacheConfiguration.swift in Sources */,
			);
			runOnlyForDeploymentPostprocessing = 0;
		};
		E19C1657272939F3002E6F65 /* Sources */ = {
			isa = PBXSourcesBuildPhase;
			buildActionMask = 2147483647;
			files = (
				E19C1661272939F3002E6F65 /* MarioVideoPlayerTests.swift in Sources */,
			);
			runOnlyForDeploymentPostprocessing = 0;
		};
		E19C166B27293B7D002E6F65 /* Sources */ = {
			isa = PBXSourcesBuildPhase;
			buildActionMask = 2147483647;
			files = (
				E19C167627293B7D002E6F65 /* ViewController.swift in Sources */,
				E19C167227293B7D002E6F65 /* AppDelegate.swift in Sources */,
				E19C167427293B7D002E6F65 /* SceneDelegate.swift in Sources */,
				E1C12139277D95D5002470F6 /* MarioPlayerOptionView.swift in Sources */,
			);
			runOnlyForDeploymentPostprocessing = 0;
		};
		E1BE1791272A86CA00138A18 /* Sources */ = {
			isa = PBXSourcesBuildPhase;
			buildActionMask = 2147483647;
			files = (
			);
			runOnlyForDeploymentPostprocessing = 0;
		};
/* End PBXSourcesBuildPhase section */

/* Begin PBXTargetDependency section */
		E19C165E272939F3002E6F65 /* PBXTargetDependency */ = {
			isa = PBXTargetDependency;
			target = E19C1650272939F2002E6F65 /* MarioVideoPlayer */;
			targetProxy = E19C165D272939F3002E6F65 /* PBXContainerItemProxy */;
		};
/* End PBXTargetDependency section */

/* Begin PBXVariantGroup section */
		E19C167727293B7D002E6F65 /* Main.storyboard */ = {
			isa = PBXVariantGroup;
			children = (
				E19C167827293B7D002E6F65 /* Base */,
			);
			name = Main.storyboard;
			sourceTree = "<group>";
		};
		E19C167C27293B80002E6F65 /* LaunchScreen.storyboard */ = {
			isa = PBXVariantGroup;
			children = (
				E19C167D27293B80002E6F65 /* Base */,
			);
			name = LaunchScreen.storyboard;
			sourceTree = "<group>";
		};
/* End PBXVariantGroup section */

/* Begin XCBuildConfiguration section */
		E19C1663272939F3002E6F65 /* Debug */ = {
			isa = XCBuildConfiguration;
			buildSettings = {
				ALWAYS_SEARCH_USER_PATHS = NO;
				CLANG_ANALYZER_NONNULL = YES;
				CLANG_ANALYZER_NUMBER_OBJECT_CONVERSION = YES_AGGRESSIVE;
				CLANG_CXX_LANGUAGE_STANDARD = "gnu++17";
				CLANG_CXX_LIBRARY = "libc++";
				CLANG_ENABLE_MODULES = YES;
				CLANG_ENABLE_OBJC_ARC = YES;
				CLANG_ENABLE_OBJC_WEAK = YES;
				CLANG_WARN_BLOCK_CAPTURE_AUTORELEASING = YES;
				CLANG_WARN_BOOL_CONVERSION = YES;
				CLANG_WARN_COMMA = YES;
				CLANG_WARN_CONSTANT_CONVERSION = YES;
				CLANG_WARN_DEPRECATED_OBJC_IMPLEMENTATIONS = YES;
				CLANG_WARN_DIRECT_OBJC_ISA_USAGE = YES_ERROR;
				CLANG_WARN_DOCUMENTATION_COMMENTS = YES;
				CLANG_WARN_EMPTY_BODY = YES;
				CLANG_WARN_ENUM_CONVERSION = YES;
				CLANG_WARN_INFINITE_RECURSION = YES;
				CLANG_WARN_INT_CONVERSION = YES;
				CLANG_WARN_NON_LITERAL_NULL_CONVERSION = YES;
				CLANG_WARN_OBJC_IMPLICIT_RETAIN_SELF = YES;
				CLANG_WARN_OBJC_LITERAL_CONVERSION = YES;
				CLANG_WARN_OBJC_ROOT_CLASS = YES_ERROR;
				CLANG_WARN_QUOTED_INCLUDE_IN_FRAMEWORK_HEADER = YES;
				CLANG_WARN_RANGE_LOOP_ANALYSIS = YES;
				CLANG_WARN_STRICT_PROTOTYPES = YES;
				CLANG_WARN_SUSPICIOUS_MOVE = YES;
				CLANG_WARN_UNGUARDED_AVAILABILITY = YES_AGGRESSIVE;
				CLANG_WARN_UNREACHABLE_CODE = YES;
				CLANG_WARN__DUPLICATE_METHOD_MATCH = YES;
				COPY_PHASE_STRIP = NO;
				CURRENT_PROJECT_VERSION = 1;
				DEBUG_INFORMATION_FORMAT = dwarf;
				ENABLE_STRICT_OBJC_MSGSEND = YES;
				ENABLE_TESTABILITY = YES;
				GCC_C_LANGUAGE_STANDARD = gnu11;
				GCC_DYNAMIC_NO_PIC = NO;
				GCC_NO_COMMON_BLOCKS = YES;
				GCC_OPTIMIZATION_LEVEL = 0;
				GCC_PREPROCESSOR_DEFINITIONS = (
					"DEBUG=1",
					"$(inherited)",
				);
				GCC_WARN_64_TO_32_BIT_CONVERSION = YES;
				GCC_WARN_ABOUT_RETURN_TYPE = YES_ERROR;
				GCC_WARN_UNDECLARED_SELECTOR = YES;
				GCC_WARN_UNINITIALIZED_AUTOS = YES_AGGRESSIVE;
				GCC_WARN_UNUSED_FUNCTION = YES;
				GCC_WARN_UNUSED_VARIABLE = YES;
				IPHONEOS_DEPLOYMENT_TARGET = 15.0;
				MTL_ENABLE_DEBUG_INFO = INCLUDE_SOURCE;
				MTL_FAST_MATH = YES;
				ONLY_ACTIVE_ARCH = YES;
				SDKROOT = iphoneos;
				SWIFT_ACTIVE_COMPILATION_CONDITIONS = DEBUG;
				SWIFT_OPTIMIZATION_LEVEL = "-Onone";
				VERSIONING_SYSTEM = "apple-generic";
				VERSION_INFO_PREFIX = "";
			};
			name = Debug;
		};
		E19C1664272939F3002E6F65 /* Release */ = {
			isa = XCBuildConfiguration;
			buildSettings = {
				ALWAYS_SEARCH_USER_PATHS = NO;
				CLANG_ANALYZER_NONNULL = YES;
				CLANG_ANALYZER_NUMBER_OBJECT_CONVERSION = YES_AGGRESSIVE;
				CLANG_CXX_LANGUAGE_STANDARD = "gnu++17";
				CLANG_CXX_LIBRARY = "libc++";
				CLANG_ENABLE_MODULES = YES;
				CLANG_ENABLE_OBJC_ARC = YES;
				CLANG_ENABLE_OBJC_WEAK = YES;
				CLANG_WARN_BLOCK_CAPTURE_AUTORELEASING = YES;
				CLANG_WARN_BOOL_CONVERSION = YES;
				CLANG_WARN_COMMA = YES;
				CLANG_WARN_CONSTANT_CONVERSION = YES;
				CLANG_WARN_DEPRECATED_OBJC_IMPLEMENTATIONS = YES;
				CLANG_WARN_DIRECT_OBJC_ISA_USAGE = YES_ERROR;
				CLANG_WARN_DOCUMENTATION_COMMENTS = YES;
				CLANG_WARN_EMPTY_BODY = YES;
				CLANG_WARN_ENUM_CONVERSION = YES;
				CLANG_WARN_INFINITE_RECURSION = YES;
				CLANG_WARN_INT_CONVERSION = YES;
				CLANG_WARN_NON_LITERAL_NULL_CONVERSION = YES;
				CLANG_WARN_OBJC_IMPLICIT_RETAIN_SELF = YES;
				CLANG_WARN_OBJC_LITERAL_CONVERSION = YES;
				CLANG_WARN_OBJC_ROOT_CLASS = YES_ERROR;
				CLANG_WARN_QUOTED_INCLUDE_IN_FRAMEWORK_HEADER = YES;
				CLANG_WARN_RANGE_LOOP_ANALYSIS = YES;
				CLANG_WARN_STRICT_PROTOTYPES = YES;
				CLANG_WARN_SUSPICIOUS_MOVE = YES;
				CLANG_WARN_UNGUARDED_AVAILABILITY = YES_AGGRESSIVE;
				CLANG_WARN_UNREACHABLE_CODE = YES;
				CLANG_WARN__DUPLICATE_METHOD_MATCH = YES;
				COPY_PHASE_STRIP = NO;
				CURRENT_PROJECT_VERSION = 1;
				DEBUG_INFORMATION_FORMAT = "dwarf-with-dsym";
				ENABLE_NS_ASSERTIONS = NO;
				ENABLE_STRICT_OBJC_MSGSEND = YES;
				GCC_C_LANGUAGE_STANDARD = gnu11;
				GCC_NO_COMMON_BLOCKS = YES;
				GCC_WARN_64_TO_32_BIT_CONVERSION = YES;
				GCC_WARN_ABOUT_RETURN_TYPE = YES_ERROR;
				GCC_WARN_UNDECLARED_SELECTOR = YES;
				GCC_WARN_UNINITIALIZED_AUTOS = YES_AGGRESSIVE;
				GCC_WARN_UNUSED_FUNCTION = YES;
				GCC_WARN_UNUSED_VARIABLE = YES;
				IPHONEOS_DEPLOYMENT_TARGET = 15.0;
				MTL_ENABLE_DEBUG_INFO = NO;
				MTL_FAST_MATH = YES;
				SDKROOT = iphoneos;
				SWIFT_COMPILATION_MODE = wholemodule;
				SWIFT_OPTIMIZATION_LEVEL = "-O";
				VALIDATE_PRODUCT = YES;
				VERSIONING_SYSTEM = "apple-generic";
				VERSION_INFO_PREFIX = "";
			};
			name = Release;
		};
		E19C1666272939F3002E6F65 /* Debug */ = {
			isa = XCBuildConfiguration;
			buildSettings = {
				CODE_SIGN_STYLE = Automatic;
				CURRENT_PROJECT_VERSION = 1;
				DEFINES_MODULE = YES;
				DEVELOPMENT_TEAM = UL5C3DWEKM;
				DYLIB_COMPATIBILITY_VERSION = 1;
				DYLIB_CURRENT_VERSION = 1;
				DYLIB_INSTALL_NAME_BASE = "@rpath";
				GENERATE_INFOPLIST_FILE = YES;
				INFOPLIST_KEY_NSHumanReadableCopyright = "";
				INSTALL_PATH = "$(LOCAL_LIBRARY_DIR)/Frameworks";
				LD_RUNPATH_SEARCH_PATHS = (
					"$(inherited)",
					"@executable_path/Frameworks",
					"@loader_path/Frameworks",
				);
				MARKETING_VERSION = 1.0;
				PRODUCT_BUNDLE_IDENTIFIER = com.vanra.MarioVideoPlayer;
				PRODUCT_NAME = "$(TARGET_NAME:c99extidentifier)";
				SKIP_INSTALL = YES;
				SWIFT_EMIT_LOC_STRINGS = YES;
				SWIFT_VERSION = 5.0;
				TARGETED_DEVICE_FAMILY = "1,2";
			};
			name = Debug;
		};
		E19C1667272939F3002E6F65 /* Release */ = {
			isa = XCBuildConfiguration;
			buildSettings = {
				CODE_SIGN_STYLE = Automatic;
				CURRENT_PROJECT_VERSION = 1;
				DEFINES_MODULE = YES;
				DEVELOPMENT_TEAM = UL5C3DWEKM;
				DYLIB_COMPATIBILITY_VERSION = 1;
				DYLIB_CURRENT_VERSION = 1;
				DYLIB_INSTALL_NAME_BASE = "@rpath";
				GENERATE_INFOPLIST_FILE = YES;
				INFOPLIST_KEY_NSHumanReadableCopyright = "";
				INSTALL_PATH = "$(LOCAL_LIBRARY_DIR)/Frameworks";
				LD_RUNPATH_SEARCH_PATHS = (
					"$(inherited)",
					"@executable_path/Frameworks",
					"@loader_path/Frameworks",
				);
				MARKETING_VERSION = 1.0;
				PRODUCT_BUNDLE_IDENTIFIER = com.vanra.MarioVideoPlayer;
				PRODUCT_NAME = "$(TARGET_NAME:c99extidentifier)";
				SKIP_INSTALL = YES;
				SWIFT_EMIT_LOC_STRINGS = YES;
				SWIFT_VERSION = 5.0;
				TARGETED_DEVICE_FAMILY = "1,2";
			};
			name = Release;
		};
		E19C1669272939F3002E6F65 /* Debug */ = {
			isa = XCBuildConfiguration;
			buildSettings = {
				ALWAYS_EMBED_SWIFT_STANDARD_LIBRARIES = YES;
				CODE_SIGN_STYLE = Automatic;
				CURRENT_PROJECT_VERSION = 1;
				DEVELOPMENT_TEAM = UL5C3DWEKM;
				GENERATE_INFOPLIST_FILE = YES;
				LD_RUNPATH_SEARCH_PATHS = (
					"$(inherited)",
					"@executable_path/Frameworks",
					"@loader_path/Frameworks",
				);
				MARKETING_VERSION = 1.0;
				PRODUCT_BUNDLE_IDENTIFIER = com.vanra.MarioVideoPlayerTests;
				PRODUCT_NAME = "$(TARGET_NAME)";
				SWIFT_EMIT_LOC_STRINGS = NO;
				SWIFT_VERSION = 5.0;
				TARGETED_DEVICE_FAMILY = "1,2";
			};
			name = Debug;
		};
		E19C166A272939F3002E6F65 /* Release */ = {
			isa = XCBuildConfiguration;
			buildSettings = {
				ALWAYS_EMBED_SWIFT_STANDARD_LIBRARIES = YES;
				CODE_SIGN_STYLE = Automatic;
				CURRENT_PROJECT_VERSION = 1;
				DEVELOPMENT_TEAM = UL5C3DWEKM;
				GENERATE_INFOPLIST_FILE = YES;
				LD_RUNPATH_SEARCH_PATHS = (
					"$(inherited)",
					"@executable_path/Frameworks",
					"@loader_path/Frameworks",
				);
				MARKETING_VERSION = 1.0;
				PRODUCT_BUNDLE_IDENTIFIER = com.vanra.MarioVideoPlayerTests;
				PRODUCT_NAME = "$(TARGET_NAME)";
				SWIFT_EMIT_LOC_STRINGS = NO;
				SWIFT_VERSION = 5.0;
				TARGETED_DEVICE_FAMILY = "1,2";
			};
			name = Release;
		};
		E19C168127293B80002E6F65 /* Debug */ = {
			isa = XCBuildConfiguration;
			buildSettings = {
				ASSETCATALOG_COMPILER_APPICON_NAME = AppIcon;
				ASSETCATALOG_COMPILER_GLOBAL_ACCENT_COLOR_NAME = AccentColor;
				CODE_SIGN_STYLE = Automatic;
				CURRENT_PROJECT_VERSION = 1;
				DEVELOPMENT_TEAM = UL5C3DWEKM;
				GENERATE_INFOPLIST_FILE = YES;
				INFOPLIST_FILE = MarioVideoPlayerExamples/Info.plist;
				INFOPLIST_KEY_UIApplicationSupportsIndirectInputEvents = YES;
				INFOPLIST_KEY_UILaunchStoryboardName = LaunchScreen;
				INFOPLIST_KEY_UIMainStoryboardFile = Main;
				INFOPLIST_KEY_UISupportedInterfaceOrientations_iPad = "UIInterfaceOrientationPortrait UIInterfaceOrientationPortraitUpsideDown UIInterfaceOrientationLandscapeLeft UIInterfaceOrientationLandscapeRight";
				INFOPLIST_KEY_UISupportedInterfaceOrientations_iPhone = "UIInterfaceOrientationPortrait UIInterfaceOrientationLandscapeLeft UIInterfaceOrientationLandscapeRight";
				LD_RUNPATH_SEARCH_PATHS = (
					"$(inherited)",
					"@executable_path/Frameworks",
				);
				MARKETING_VERSION = 1.0;
				PRODUCT_BUNDLE_IDENTIFIER = com.vanra.MarioVideoPlayerExamples;
				PRODUCT_NAME = "$(TARGET_NAME)";
				SWIFT_EMIT_LOC_STRINGS = YES;
				SWIFT_VERSION = 5.0;
				TARGETED_DEVICE_FAMILY = "1,2";
			};
			name = Debug;
		};
		E19C168227293B80002E6F65 /* Release */ = {
			isa = XCBuildConfiguration;
			buildSettings = {
				ASSETCATALOG_COMPILER_APPICON_NAME = AppIcon;
				ASSETCATALOG_COMPILER_GLOBAL_ACCENT_COLOR_NAME = AccentColor;
				CODE_SIGN_STYLE = Automatic;
				CURRENT_PROJECT_VERSION = 1;
				DEVELOPMENT_TEAM = UL5C3DWEKM;
				GENERATE_INFOPLIST_FILE = YES;
				INFOPLIST_FILE = MarioVideoPlayerExamples/Info.plist;
				INFOPLIST_KEY_UIApplicationSupportsIndirectInputEvents = YES;
				INFOPLIST_KEY_UILaunchStoryboardName = LaunchScreen;
				INFOPLIST_KEY_UIMainStoryboardFile = Main;
				INFOPLIST_KEY_UISupportedInterfaceOrientations_iPad = "UIInterfaceOrientationPortrait UIInterfaceOrientationPortraitUpsideDown UIInterfaceOrientationLandscapeLeft UIInterfaceOrientationLandscapeRight";
				INFOPLIST_KEY_UISupportedInterfaceOrientations_iPhone = "UIInterfaceOrientationPortrait UIInterfaceOrientationLandscapeLeft UIInterfaceOrientationLandscapeRight";
				LD_RUNPATH_SEARCH_PATHS = (
					"$(inherited)",
					"@executable_path/Frameworks",
				);
				MARKETING_VERSION = 1.0;
				PRODUCT_BUNDLE_IDENTIFIER = com.vanra.MarioVideoPlayerExamples;
				PRODUCT_NAME = "$(TARGET_NAME)";
				SWIFT_EMIT_LOC_STRINGS = YES;
				SWIFT_VERSION = 5.0;
				TARGETED_DEVICE_FAMILY = "1,2";
			};
			name = Release;
		};
		E1BE1797272A86CA00138A18 /* Debug */ = {
			isa = XCBuildConfiguration;
			buildSettings = {
				CODE_SIGN_STYLE = Automatic;
				COMBINE_HIDPI_IMAGES = YES;
				CURRENT_PROJECT_VERSION = 1;
				DEVELOPMENT_TEAM = UL5C3DWEKM;
				GENERATE_INFOPLIST_FILE = YES;
				INFOPLIST_KEY_NSHumanReadableCopyright = "";
				INFOPLIST_KEY_NSPrincipalClass = "";
				INSTALL_PATH = "$(LOCAL_LIBRARY_DIR)/Bundles";
				MACOSX_DEPLOYMENT_TARGET = 11.3;
				MARKETING_VERSION = 1.0;
				PRODUCT_BUNDLE_IDENTIFIER = com.vanra.MarioBundle;
				PRODUCT_NAME = "$(TARGET_NAME)";
				SDKROOT = iphoneos;
				SKIP_INSTALL = YES;
				SWIFT_EMIT_LOC_STRINGS = YES;
				WRAPPER_EXTENSION = bundle;
			};
			name = Debug;
		};
		E1BE1798272A86CA00138A18 /* Release */ = {
			isa = XCBuildConfiguration;
			buildSettings = {
				CODE_SIGN_STYLE = Automatic;
				COMBINE_HIDPI_IMAGES = YES;
				CURRENT_PROJECT_VERSION = 1;
				DEVELOPMENT_TEAM = UL5C3DWEKM;
				GENERATE_INFOPLIST_FILE = YES;
				INFOPLIST_KEY_NSHumanReadableCopyright = "";
				INFOPLIST_KEY_NSPrincipalClass = "";
				INSTALL_PATH = "$(LOCAL_LIBRARY_DIR)/Bundles";
				MACOSX_DEPLOYMENT_TARGET = 11.3;
				MARKETING_VERSION = 1.0;
				PRODUCT_BUNDLE_IDENTIFIER = com.vanra.MarioBundle;
				PRODUCT_NAME = "$(TARGET_NAME)";
				SDKROOT = iphoneos;
				SKIP_INSTALL = YES;
				SWIFT_EMIT_LOC_STRINGS = YES;
				WRAPPER_EXTENSION = bundle;
			};
			name = Release;
		};
/* End XCBuildConfiguration section */

/* Begin XCConfigurationList section */
		E19C164B272939F2002E6F65 /* Build configuration list for PBXProject "MarioVideoPlayer" */ = {
			isa = XCConfigurationList;
			buildConfigurations = (
				E19C1663272939F3002E6F65 /* Debug */,
				E19C1664272939F3002E6F65 /* Release */,
			);
			defaultConfigurationIsVisible = 0;
			defaultConfigurationName = Release;
		};
		E19C1665272939F3002E6F65 /* Build configuration list for PBXNativeTarget "MarioVideoPlayer" */ = {
			isa = XCConfigurationList;
			buildConfigurations = (
				E19C1666272939F3002E6F65 /* Debug */,
				E19C1667272939F3002E6F65 /* Release */,
			);
			defaultConfigurationIsVisible = 0;
			defaultConfigurationName = Release;
		};
		E19C1668272939F3002E6F65 /* Build configuration list for PBXNativeTarget "MarioVideoPlayerTests" */ = {
			isa = XCConfigurationList;
			buildConfigurations = (
				E19C1669272939F3002E6F65 /* Debug */,
				E19C166A272939F3002E6F65 /* Release */,
			);
			defaultConfigurationIsVisible = 0;
			defaultConfigurationName = Release;
		};
		E19C168027293B80002E6F65 /* Build configuration list for PBXNativeTarget "MarioVideoPlayerExamples" */ = {
			isa = XCConfigurationList;
			buildConfigurations = (
				E19C168127293B80002E6F65 /* Debug */,
				E19C168227293B80002E6F65 /* Release */,
			);
			defaultConfigurationIsVisible = 0;
			defaultConfigurationName = Release;
		};
		E1BE1796272A86CA00138A18 /* Build configuration list for PBXNativeTarget "MarioBundle" */ = {
			isa = XCConfigurationList;
			buildConfigurations = (
				E1BE1797272A86CA00138A18 /* Debug */,
				E1BE1798272A86CA00138A18 /* Release */,
			);
			defaultConfigurationIsVisible = 0;
			defaultConfigurationName = Release;
		};
/* End XCConfigurationList section */
	};
	rootObject = E19C1648272939F2002E6F65 /* Project object */;
}
